
Microsoft Visual Studio Solution File, Format Version 12.00
# Visual Studio Version 16
VisualStudioVersion = 16.0.31424.327
MinimumVisualStudioVersion = 10.0.40219.1
Project("{FAE04EC0-301F-11D3-BF4B-00C04F79EFBC}") = "PrjAdo.NetEg", "PrjAdo.NetEg\PrjAdo.NetEg.csproj", "{D96CC9C4-FC1F-4384-BCB6-3F5437233B85}"
EndProject
Global
	GlobalSection(SolutionConfigurationPlatforms) = preSolution
		Debug|Any CPU = Debug|Any CPU
		Release|Any CPU = Release|Any CPU
	EndGlobalSection
	GlobalSection(ProjectConfigurationPlatforms) = postSolution
		{D96CC9C4-FC1F-4384-BCB6-3F5437233B85}.Debug|Any CPU.ActiveCfg = Debug|Any CPU
		{D96CC9C4-FC1F-4384-BCB6-3F5437233B85}.Debug|Any CPU.Build.0 = Debug|Any CPU
		{D96CC9C4-FC1F-4384-BCB6-3F5437233B85}.Release|Any CPU.ActiveCfg = Release|Any CPU
		{D96CC9C4-FC1F-4384-BCB6-3F5437233B85}.Release|Any CPU.Build.0 = Release|Any CPU
	EndGlobalSection
	GlobalSection(SolutionProperties) = preSolution
		HideSolutionNode = FALSE
	EndGlobalSection
	GlobalSection(ExtensibilityGlobals) = postSolution
		SolutionGuid = {7E32BC48-1FC3-4D97-A96B-61F183506B26}
	EndGlobalSection
EndGlobal
